
Microsoft Visual Studio Solution File, Format Version 12.00
# Visual Studio Version 16
VisualStudioVersion = 16.0.34031.81
MinimumVisualStudioVersion = 10.0.40219.1
Project("{FAE04EC0-301F-11D3-BF4B-00C04F79EFBC}") = "Dugun_davetiyesi", "Dugun_davetiyesi\Dugun_davetiyesi.csproj", "{0F2A2C0C-E6DE-4C1F-A564-7DCD234BEE63}"
EndProject
Global
	GlobalSection(SolutionConfigurationPlatforms) = preSolution
		Debug|Any CPU = Debug|Any CPU
		Release|Any CPU = Release|Any CPU
	EndGlobalSection
	GlobalSection(ProjectConfigurationPlatforms) = postSolution
		{0F2A2C0C-E6DE-4C1F-A564-7DCD234BEE63}.Debug|Any CPU.ActiveCfg = Debug|Any CPU
		{0F2A2C0C-E6DE-4C1F-A564-7DCD234BEE63}.Debug|Any CPU.Build.0 = Debug|Any CPU
		{0F2A2C0C-E6DE-4C1F-A564-7DCD234BEE63}.Release|Any CPU.ActiveCfg = Release|Any CPU
		{0F2A2C0C-E6DE-4C1F-A564-7DCD234BEE63}.Release|Any CPU.Build.0 = Release|Any CPU
	EndGlobalSection
	GlobalSection(SolutionProperties) = preSolution
		HideSolutionNode = FALSE
	EndGlobalSection
	GlobalSection(ExtensibilityGlobals) = postSolution
		SolutionGuid = {92BB4D9C-3D67-46CF-9773-6E2269D1FBFA}
	EndGlobalSection
EndGlobal
